
Microsoft Visual Studio Solution File, Format Version 12.00
# Visual Studio Version 17
VisualStudioVersion = 17.12.35527.113 d17.12
MinimumVisualStudioVersion = 10.0.40219.1
Project("{FAE04EC0-301F-11D3-BF4B-00C04F79EFBC}") = "Week2", "Week2\Week2.csproj", "{F3F0AC37-18D3-4BDE-843B-08A3FCA32FFD}"
EndProject
Project("{FAE04EC0-301F-11D3-BF4B-00C04F79EFBC}") = "UserAgeValidation", "UserAgeValidation\UserAgeValidation.csproj", "{95EC17A9-9661-4FD4-9034-62AE84DFE11A}"
EndProject
Project("{FAE04EC0-301F-11D3-BF4B-00C04F79EFBC}") = "UserGenderValidation", "UserGenderValidation\UserGenderValidation.csproj", "{59BD1C8C-796F-45A0-B64B-E6B94EB5B74E}"
EndProject
Global
	GlobalSection(SolutionConfigurationPlatforms) = preSolution
		Debug|Any CPU = Debug|Any CPU
		Release|Any CPU = Release|Any CPU
	EndGlobalSection
	GlobalSection(ProjectConfigurationPlatforms) = postSolution
		{F3F0AC37-18D3-4BDE-843B-08A3FCA32FFD}.Debug|Any CPU.ActiveCfg = Debug|Any CPU
		{F3F0AC37-18D3-4BDE-843B-08A3FCA32FFD}.Debug|Any CPU.Build.0 = Debug|Any CPU
		{F3F0AC37-18D3-4BDE-843B-08A3FCA32FFD}.Release|Any CPU.ActiveCfg = Release|Any CPU
		{F3F0AC37-18D3-4BDE-843B-08A3FCA32FFD}.Release|Any CPU.Build.0 = Release|Any CPU
		{95EC17A9-9661-4FD4-9034-62AE84DFE11A}.Debug|Any CPU.ActiveCfg = Debug|Any CPU
		{95EC17A9-9661-4FD4-9034-62AE84DFE11A}.Debug|Any CPU.Build.0 = Debug|Any CPU
		{95EC17A9-9661-4FD4-9034-62AE84DFE11A}.Release|Any CPU.ActiveCfg = Release|Any CPU
		{95EC17A9-9661-4FD4-9034-62AE84DFE11A}.Release|Any CPU.Build.0 = Release|Any CPU
		{59BD1C8C-796F-45A0-B64B-E6B94EB5B74E}.Debug|Any CPU.ActiveCfg = Debug|Any CPU
		{59BD1C8C-796F-45A0-B64B-E6B94EB5B74E}.Debug|Any CPU.Build.0 = Debug|Any CPU
		{59BD1C8C-796F-45A0-B64B-E6B94EB5B74E}.Release|Any CPU.ActiveCfg = Release|Any CPU
		{59BD1C8C-796F-45A0-B64B-E6B94EB5B74E}.Release|Any CPU.Build.0 = Release|Any CPU
	EndGlobalSection
	GlobalSection(SolutionProperties) = preSolution
		HideSolutionNode = FALSE
	EndGlobalSection
EndGlobal
